{
  "requires": true,
  "lockfileVersion": 1,
  "dependencies": {
    "@react-navigation/core": {
      "version": "6.0.1",
      "resolved": "https://registry.npmjs.org/@react-navigation/core/-/core-6.0.1.tgz",
      "integrity": "sha512-mVdvBDYdz8uzLQHokmVdX/xC4rS7NIkD1FN/yaGdovVzYApAhM+UGd3w1zskjyCSyXaVHHOwV59ZGVew+84xfQ==",
      "requires": {
        "@react-navigation/routers": "^6.0.1",
        "escape-string-regexp": "^4.0.0",
        "nanoid": "^3.1.23",
        "query-string": "^7.0.0",
        "react-is": "^16.13.0"
      }
    },
    "@react-navigation/elements": {
      "version": "1.1.0",
      "resolved": "https://registry.npmjs.org/@react-navigation/elements/-/elements-1.1.0.tgz",
      "integrity": "sha512-jZncciZPGuoP6B6f+Wpf6MYSSYy86B2HJDbFTCtT5xZV0w6V9GgCeqvSTOEAxifZrmKl8uDxsr0GrIxgQE8NxA=="
    },
    "@react-navigation/native": {
      "version": "6.0.2",
      "resolved": "https://registry.npmjs.org/@react-navigation/native/-/native-6.0.2.tgz",
      "integrity": "sha512-HDqEwgvQ4Cu16vz8jQ55lfyNK9CGbECI1wM9cPOcUa+gkOQEDZ/95VFfFjGGflXZs3ybPvGXlMC4ZAyh1CcO6w==",
      "requires": {
        "@react-navigation/core": "^6.0.1",
        "escape-string-regexp": "^4.0.0",
        "nanoid": "^3.1.23"
      }
    },
    "@react-navigation/native-stack": {
      "version": "6.1.0",
      "resolved": "https://registry.npmjs.org/@react-navigation/native-stack/-/native-stack-6.1.0.tgz",
      "integrity": "sha512-ta8JQ9n6e7pxrXJ9/MYH57g0xhlV8rzGvQtni6KvBdWqqk0M5QDqIXaUkzXp2wvLMZp7LQmnD4FI/TGG2mQOKA==",
      "requires": {
        "@react-navigation/elements": "^1.1.0",
        "warn-once": "^0.1.0"
      }
    },
    "@react-navigation/routers": {
      "version": "6.0.1",
      "resolved": "https://registry.npmjs.org/@react-navigation/routers/-/routers-6.0.1.tgz",
      "integrity": "sha512-5ctB49rmtTRQuTSBVgqMsEzBUjPP2ByUzBjNivA7jmvk+PDCl4oZsiR8KAm/twhxe215GYThfi2vUWXKAg6EEQ==",
      "requires": {
        "nanoid": "^3.1.23"
      }
    },
    "decode-uri-component": {
      "version": "0.2.0",
      "resolved": "https://registry.npmjs.org/decode-uri-component/-/decode-uri-component-0.2.0.tgz",
      "integrity": "sha1-6zkTMzRYd1y4TNGh+uBiEGu4dUU="
    },
    "escape-string-regexp": {
      "version": "4.0.0",
      "resolved": "https://registry.npmjs.org/escape-string-regexp/-/escape-string-regexp-4.0.0.tgz",
      "integrity": "sha512-TtpcNJ3XAzx3Gq8sWRzJaVajRs0uVxA2YAkdb1jm2YkPz4G6egUFAyA3n5vtEIZefPk5Wa4UXbKuS5fKkJWdgA=="
    },
    "filter-obj": {
      "version": "1.1.0",
      "resolved": "https://registry.npmjs.org/filter-obj/-/filter-obj-1.1.0.tgz",
      "integrity": "sha1-mzERErxsYSehbgFsbF1/GeCAXFs="
    },
    "nanoid": {
      "version": "3.1.25",
      "resolved": "https://registry.npmjs.org/nanoid/-/nanoid-3.1.25.tgz",
      "integrity": "sha512-rdwtIXaXCLFAQbnfqDRnI6jaRHp9fTcYBjtFKE8eezcZ7LuLjhUaQGNeMXf1HmRoCH32CLz6XwX0TtxEOS/A3Q=="
    },
    "query-string": {
      "version": "7.0.1",
      "resolved": "https://registry.npmjs.org/query-string/-/query-string-7.0.1.tgz",
      "integrity": "sha512-uIw3iRvHnk9to1blJCG3BTc+Ro56CBowJXKmNNAm3RulvPBzWLRqKSiiDk+IplJhsydwtuNMHi8UGQFcCLVfkA==",
      "requires": {
        "decode-uri-component": "^0.2.0",
        "filter-obj": "^1.1.0",
        "split-on-first": "^1.0.0",
        "strict-uri-encode": "^2.0.0"
      }
    },
    "react-is": {
      "version": "16.13.1",
      "resolved": "https://registry.npmjs.org/react-is/-/react-is-16.13.1.tgz",
      "integrity": "sha512-24e6ynE2H+OKt4kqsOvNd8kBpV65zoxbA4BVsEOB3ARVWQki/DHzaUoC5KuON/BiccDaCCTZBuOcfZs70kR8bQ=="
    },
    "react-native-safe-area-context": {
      "version": "3.3.2",
      "resolved": "https://registry.npmjs.org/react-native-safe-area-context/-/react-native-safe-area-context-3.3.2.tgz",
      "integrity": "sha512-yOwiiPJ1rk+/nfK13eafbpW6sKW0jOnsRem2C1LPJjM3tfTof6hlvV5eWHATye3XOpu2cJ7N+HdkUvUDGwFD2Q=="
    },
    "react-native-screens": {
      "version": "3.7.1",
      "resolved": "https://registry.npmjs.org/react-native-screens/-/react-native-screens-3.7.1.tgz",
      "integrity": "sha512-QZdE8ZaQ6e9wuwSkBWX49G4hlosr351v368RaMUn2y/RFAYedFtDtaCI8ychUCFThrg0pT9uKJF03nNtkXqWcg==",
      "requires": {
        "warn-once": "^0.1.0"
      }
    },
    "split-on-first": {
      "version": "1.1.0",
      "resolved": "https://registry.npmjs.org/split-on-first/-/split-on-first-1.1.0.tgz",
      "integrity": "sha512-43ZssAJaMusuKWL8sKUBQXHWOpq8d6CfN/u1p4gUzfJkM05C8rxTmYrkIPTXapZpORA6LkkzcUulJ8FqA7Uudw=="
    },
    "strict-uri-encode": {
      "version": "2.0.0",
      "resolved": "https://registry.npmjs.org/strict-uri-encode/-/strict-uri-encode-2.0.0.tgz",
      "integrity": "sha1-ucczDHBChi9rFC3CdLvMWGbONUY="
    },
    "warn-once": {
      "version": "0.1.0",
      "resolved": "https://registry.npmjs.org/warn-once/-/warn-once-0.1.0.tgz",
      "integrity": "sha512-recZTSvuaH/On5ZU5ywq66y99lImWqzP93+AiUo9LUwG8gXHW+LJjhOd6REJHm7qb0niYqrEQJvbHSQfuJtTqA=="
    }
  }
}
